
Microsoft Visual Studio Solution File, Format Version 12.00
# Visual Studio Version 16
VisualStudioVersion = 16.0.31402.337
MinimumVisualStudioVersion = 10.0.40219.1
Project("{888888A0-9F3D-457C-B088-3A5042F75D52}") = "KTANE Expert", "KTANE Expert\KTANE Expert.pyproj", "{DE487D11-4FA9-46B9-A95F-4C4D78FD9BDE}"
EndProject
Global
	GlobalSection(SolutionConfigurationPlatforms) = preSolution
		Debug|Any CPU = Debug|Any CPU
		Release|Any CPU = Release|Any CPU
	EndGlobalSection
	GlobalSection(ProjectConfigurationPlatforms) = postSolution
		{DE487D11-4FA9-46B9-A95F-4C4D78FD9BDE}.Debug|Any CPU.ActiveCfg = Debug|Any CPU
		{DE487D11-4FA9-46B9-A95F-4C4D78FD9BDE}.Release|Any CPU.ActiveCfg = Release|Any CPU
	EndGlobalSection
	GlobalSection(SolutionProperties) = preSolution
		HideSolutionNode = FALSE
	EndGlobalSection
	GlobalSection(ExtensibilityGlobals) = postSolution
		SolutionGuid = {15BE9BB4-F59B-4817-AAB1-B53B2F9062AD}
	EndGlobalSection
EndGlobal
